Microsoft Visual Studio Solution File, Format Version 11.00
# Visual Studio 2008

Project("{7803CB38-6C61-C6A5-2DCD-C8139CD29315}") = "MoveBoxesMoCap", "Assembly-CSharp-firstpass-vs.csproj", "{1374DEE6-8CA7-E3DC-1BF7-39E5AA8C059F}"
EndProject
Project("{7803CB38-6C61-C6A5-2DCD-C8139CD29315}") = "MoveBoxesMoCap", "Assembly-CSharp-vs.csproj", "{A91CBCE1-F9EA-555A-8246-C4669260BCE4}"
EndProject
Project("{7803CB38-6C61-C6A5-2DCD-C8139CD29315}") = "MoveBoxesMoCap", "Assembly-CSharp-Editor-vs.csproj", "{B2664171-C230-AFEF-E51C-0EF1C3B0E0BA}"
EndProject
Global
	GlobalSection(SolutionConfigurationPlatforms) = preSolution
		Debug|Any CPU = Debug|Any CPU
		Release|Any CPU = Release|Any CPU
	EndGlobalSection
	GlobalSection(ProjectConfigurationPlatforms) = postSolution
		{1374DEE6-8CA7-E3DC-1BF7-39E5AA8C059F}.Debug|Any CPU.ActiveCfg = Debug|Any CPU
		{1374DEE6-8CA7-E3DC-1BF7-39E5AA8C059F}.Debug|Any CPU.Build.0 = Debug|Any CPU
		{1374DEE6-8CA7-E3DC-1BF7-39E5AA8C059F}.Release|Any CPU.ActiveCfg = Release|Any CPU
		{1374DEE6-8CA7-E3DC-1BF7-39E5AA8C059F}.Release|Any CPU.Build.0 = Release|Any CPU
		{A91CBCE1-F9EA-555A-8246-C4669260BCE4}.Debug|Any CPU.ActiveCfg = Debug|Any CPU
		{A91CBCE1-F9EA-555A-8246-C4669260BCE4}.Debug|Any CPU.Build.0 = Debug|Any CPU
		{A91CBCE1-F9EA-555A-8246-C4669260BCE4}.Release|Any CPU.ActiveCfg = Release|Any CPU
		{A91CBCE1-F9EA-555A-8246-C4669260BCE4}.Release|Any CPU.Build.0 = Release|Any CPU
		{B2664171-C230-AFEF-E51C-0EF1C3B0E0BA}.Debug|Any CPU.ActiveCfg = Debug|Any CPU
		{B2664171-C230-AFEF-E51C-0EF1C3B0E0BA}.Debug|Any CPU.Build.0 = Debug|Any CPU
		{B2664171-C230-AFEF-E51C-0EF1C3B0E0BA}.Release|Any CPU.ActiveCfg = Release|Any CPU
		{B2664171-C230-AFEF-E51C-0EF1C3B0E0BA}.Release|Any CPU.Build.0 = Release|Any CPU
	EndGlobalSection
	GlobalSection(SolutionProperties) = preSolution
		HideSolutionNode = FALSE
	EndGlobalSection
																																																													GlobalSection(MonoDevelopProperties) = preSolution
		StartupItem = Assembly-CSharp.csproj
		Policies = $0
		$0.TextStylePolicy = $1
		$1.inheritsSet = null
		$1.scope = text/x-csharp
		$0.CSharpFormattingPolicy = $2
		$2.inheritsSet = Mono
		$2.inheritsScope = text/x-csharp
		$2.scope = text/x-csharp
		$0.TextStylePolicy = $3
		$3.FileWidth = 120
		$3.TabWidth = 4
		$3.EolMarker = Unix
		$3.inheritsSet = Mono
		$3.inheritsScope = text/plain
		$3.scope = text/plain
	EndGlobalSection

EndGlobal
